
Microsoft Visual Studio Solution File, Format Version 12.00
# Visual Studio 2012
Project("{FAE04EC0-301F-11D3-BF4B-00C04F79EFBC}") = "Diagnostic_Center", "Diagnostic_Center\Diagnostic_Center.csproj", "{95ED5F2D-F0CB-4392-8872-66722DFC7413}"
EndProject
Global
	GlobalSection(SolutionConfigurationPlatforms) = preSolution
		Debug|Any CPU = Debug|Any CPU
		Release|Any CPU = Release|Any CPU
	EndGlobalSection
	GlobalSection(ProjectConfigurationPlatforms) = postSolution
		{95ED5F2D-F0CB-4392-8872-66722DFC7413}.Debug|Any CPU.ActiveCfg = Debug|Any CPU
		{95ED5F2D-F0CB-4392-8872-66722DFC7413}.Debug|Any CPU.Build.0 = Debug|Any CPU
		{95ED5F2D-F0CB-4392-8872-66722DFC7413}.Release|Any CPU.ActiveCfg = Release|Any CPU
		{95ED5F2D-F0CB-4392-8872-66722DFC7413}.Release|Any CPU.Build.0 = Release|Any CPU
	EndGlobalSection
	GlobalSection(SolutionProperties) = preSolution
		HideSolutionNode = FALSE
	EndGlobalSection
	GlobalSection(ExtensibilityGlobals) = postSolution
		VSCustomBkgrdPaint = True
		VSUseSystemFonts = False
		VSSkinToggleButtons = True
		VSSkinFlatStyles = True
		VSTextShadow = True
		VSToolStripStyle = Mixed
		VSTargetControls = FormsAndControls
		VSStyle = OSX (Panther).vssf
	EndGlobalSection
EndGlobal
